
Microsoft Visual Studio Solution File, Format Version 12.00
# Visual Studio Version 17
VisualStudioVersion = 17.0.31903.59
MinimumVisualStudioVersion = 10.0.40219.1
Project("{FAE04EC0-301F-11D3-BF4B-00C04F79EFBC}") = "ExpenseTracker.Console", "ExpenseTracker.Console\ExpenseTracker.Console.csproj", "{214A6A74-4CA5-464C-8A78-2FB26D581B5D}"
EndProject
Project("{FAE04EC0-301F-11D3-BF4B-00C04F79EFBC}") = "ExpenseTracker.Library", "ExpenseTracker.Library\ExpenseTracker.Library.csproj", "{1CB8C72B-37DE-4FDE-9B6D-7997D83C061E}"
EndProject
Project("{FAE04EC0-301F-11D3-BF4B-00C04F79EFBC}") = "ExpenseTracker.Tests", "ExpenseTracker.Tests\ExpenseTracker.Tests.csproj", "{365BC652-52C9-487C-BA9C-C026C8F4B838}"
EndProject
Project("{FAE04EC0-301F-11D3-BF4B-00C04F79EFBC}") = "ExpenseTracker.IntegrationTests", "ExpenseTracker.IntegrationTests\ExpenseTracker.IntegrationTests.csproj", "{D9619E28-FB5F-430A-8DDE-86C2E38267EB}"
EndProject
Global
	GlobalSection(SolutionConfigurationPlatforms) = preSolution
		Debug|Any CPU = Debug|Any CPU
		Release|Any CPU = Release|Any CPU
	EndGlobalSection
	GlobalSection(SolutionProperties) = preSolution
		HideSolutionNode = FALSE
	EndGlobalSection
	GlobalSection(ProjectConfigurationPlatforms) = postSolution
		{214A6A74-4CA5-464C-8A78-2FB26D581B5D}.Debug|Any CPU.ActiveCfg = Debug|Any CPU
		{214A6A74-4CA5-464C-8A78-2FB26D581B5D}.Debug|Any CPU.Build.0 = Debug|Any CPU
		{214A6A74-4CA5-464C-8A78-2FB26D581B5D}.Release|Any CPU.ActiveCfg = Release|Any CPU
		{214A6A74-4CA5-464C-8A78-2FB26D581B5D}.Release|Any CPU.Build.0 = Release|Any CPU
		{1CB8C72B-37DE-4FDE-9B6D-7997D83C061E}.Debug|Any CPU.ActiveCfg = Debug|Any CPU
		{1CB8C72B-37DE-4FDE-9B6D-7997D83C061E}.Debug|Any CPU.Build.0 = Debug|Any CPU
		{1CB8C72B-37DE-4FDE-9B6D-7997D83C061E}.Release|Any CPU.ActiveCfg = Release|Any CPU
		{1CB8C72B-37DE-4FDE-9B6D-7997D83C061E}.Release|Any CPU.Build.0 = Release|Any CPU
		{365BC652-52C9-487C-BA9C-C026C8F4B838}.Debug|Any CPU.ActiveCfg = Debug|Any CPU
		{365BC652-52C9-487C-BA9C-C026C8F4B838}.Debug|Any CPU.Build.0 = Debug|Any CPU
		{365BC652-52C9-487C-BA9C-C026C8F4B838}.Release|Any CPU.ActiveCfg = Release|Any CPU
		{365BC652-52C9-487C-BA9C-C026C8F4B838}.Release|Any CPU.Build.0 = Release|Any CPU
		{D9619E28-FB5F-430A-8DDE-86C2E38267EB}.Debug|Any CPU.ActiveCfg = Debug|Any CPU
		{D9619E28-FB5F-430A-8DDE-86C2E38267EB}.Debug|Any CPU.Build.0 = Debug|Any CPU
		{D9619E28-FB5F-430A-8DDE-86C2E38267EB}.Release|Any CPU.ActiveCfg = Release|Any CPU
		{D9619E28-FB5F-430A-8DDE-86C2E38267EB}.Release|Any CPU.Build.0 = Release|Any CPU
	EndGlobalSection
EndGlobal
